
Microsoft Visual Studio Solution File, Format Version 12.00
Project("{FAE04EC0-301F-11D3-BF4B-00C04F79EFBC}") = "GtkFileGenerator", "GtkFileGenerator\GtkFileGenerator.csproj", "{245D14A5-E345-49B0-BB8D-DC7CB67472E2}"
EndProject
Global
	GlobalSection(SolutionConfigurationPlatforms) = preSolution
		Debug|Any CPU = Debug|Any CPU
		Release|Any CPU = Release|Any CPU
	EndGlobalSection
	GlobalSection(ProjectConfigurationPlatforms) = postSolution
		{245D14A5-E345-49B0-BB8D-DC7CB67472E2}.Debug|Any CPU.ActiveCfg = Debug|Any CPU
		{245D14A5-E345-49B0-BB8D-DC7CB67472E2}.Debug|Any CPU.Build.0 = Debug|Any CPU
		{245D14A5-E345-49B0-BB8D-DC7CB67472E2}.Release|Any CPU.ActiveCfg = Release|Any CPU
		{245D14A5-E345-49B0-BB8D-DC7CB67472E2}.Release|Any CPU.Build.0 = Release|Any CPU
	EndGlobalSection
EndGlobal
